
Microsoft Visual Studio Solution File, Format Version 12.00
# Visual Studio Version 17
VisualStudioVersion = 17.3.32811.315
MinimumVisualStudioVersion = 10.0.40219.1
Project("{9A19103F-16F7-4668-BE54-9A1E7A4F7556}") = "Core.Persistence", "Core.Persistence\Core.Persistence.csproj", "{A0EEA464-A469-4CD2-8EE9-EE9914DE0094}"
EndProject
Project("{FAE04EC0-301F-11D3-BF4B-00C04F79EFBC}") = "Core.Application", "Core.Application\Core.Application.csproj", "{63447EAE-67BB-444F-9CF4-C1BB5185C170}"
EndProject
Global
	GlobalSection(SolutionConfigurationPlatforms) = preSolution
		Debug|Any CPU = Debug|Any CPU
		Release|Any CPU = Release|Any CPU
	EndGlobalSection
	GlobalSection(ProjectConfigurationPlatforms) = postSolution
		{A0EEA464-A469-4CD2-8EE9-EE9914DE0094}.Debug|Any CPU.ActiveCfg = Debug|Any CPU
		{A0EEA464-A469-4CD2-8EE9-EE9914DE0094}.Debug|Any CPU.Build.0 = Debug|Any CPU
		{A0EEA464-A469-4CD2-8EE9-EE9914DE0094}.Release|Any CPU.ActiveCfg = Release|Any CPU
		{A0EEA464-A469-4CD2-8EE9-EE9914DE0094}.Release|Any CPU.Build.0 = Release|Any CPU
		{63447EAE-67BB-444F-9CF4-C1BB5185C170}.Debug|Any CPU.ActiveCfg = Debug|Any CPU
		{63447EAE-67BB-444F-9CF4-C1BB5185C170}.Debug|Any CPU.Build.0 = Debug|Any CPU
		{63447EAE-67BB-444F-9CF4-C1BB5185C170}.Release|Any CPU.ActiveCfg = Release|Any CPU
		{63447EAE-67BB-444F-9CF4-C1BB5185C170}.Release|Any CPU.Build.0 = Release|Any CPU
	EndGlobalSection
	GlobalSection(SolutionProperties) = preSolution
		HideSolutionNode = FALSE
	EndGlobalSection
	GlobalSection(ExtensibilityGlobals) = postSolution
		SolutionGuid = {69E3007C-F89F-458F-A01A-12EC9DCD3D2F}
	EndGlobalSection
EndGlobal
